// !$*UTF8*$!
{
	archiveVersion = 1;
	classes = {
	};
	objectVersion = 46;
	objects = {

/* Begin PBXBuildFile section */
		165CB12718000FFE0081BF55 /* Foundation.framework in Frameworks */ = {isa = PBXBuildFile; fileRef = 165CB12618000FFE0081BF55 /* Foundation.framework */; };
		165CB12918000FFE0081BF55 /* CoreGraphics.framework in Frameworks */ = {isa = PBXBuildFile; fileRef = 165CB12818000FFE0081BF55 /* CoreGraphics.framework */; };
		165CB12B18000FFE0081BF55 /* UIKit.framework in Frameworks */ = {isa = PBXBuildFile; fileRef = 165CB12A18000FFE0081BF55 /* UIKit.framework */; };
		165CB13118000FFE0081BF55 /* InfoPlist.strings in Resources */ = {isa = PBXBuildFile; fileRef = 165CB12F18000FFE0081BF55 /* InfoPlist.strings */; };
		165CB13318000FFE0081BF55 /* main.m in Sources */ = {isa = PBXBuildFile; fileRef = 165CB13218000FFE0081BF55 /* main.m */; };
		165CB13A18000FFE0081BF55 /* Main.storyboard in Resources */ = {isa = PBXBuildFile; fileRef = 165CB13818000FFE0081BF55 /* Main.storyboard */; };
		165CB13F18000FFE0081BF55 /* Images.xcassets in Resources */ = {isa = PBXBuildFile; fileRef = 165CB13E18000FFE0081BF55 /* Images.xcassets */; };
		165CB14618000FFE0081BF55 /* XCTest.framework in Frameworks */ = {isa = PBXBuildFile; fileRef = 165CB14518000FFE0081BF55 /* XCTest.framework */; };
		165CB14718000FFE0081BF55 /* Foundation.framework in Frameworks */ = {isa = PBXBuildFile; fileRef = 165CB12618000FFE0081BF55 /* Foundation.framework */; };
		165CB14818000FFE0081BF55 /* UIKit.framework in Frameworks */ = {isa = PBXBuildFile; fileRef = 165CB12A18000FFE0081BF55 /* UIKit.framework */; };
		165CB15018000FFE0081BF55 /* InfoPlist.strings in Resources */ = {isa = PBXBuildFile; fileRef = 165CB14E18000FFE0081BF55 /* InfoPlist.strings */; };
		165CB15218000FFE0081BF55 /* SimpleHTTPCallTests.m in Sources */ = {isa = PBXBuildFile; fileRef = 165CB15118000FFE0081BF55 /* SimpleHTTPCallTests.m */; };
		165CB1621800101B0081BF55 /* Icon.png in Resources */ = {isa = PBXBuildFile; fileRef = 165CB15B1800101B0081BF55 /* Icon.png */; };
		165CB1631800101B0081BF55 /* Icon@2x.png in Resources */ = {isa = PBXBuildFile; fileRef = 165CB15C1800101B0081BF55 /* Icon@2x.png */; };
		165CB1641800101B0081BF55 /* YDAppDelegate.m in Sources */ = {isa = PBXBuildFile; fileRef = 165CB15E1800101B0081BF55 /* YDAppDelegate.m */; };
		165CB1651800101B0081BF55 /* YDViewController.m in Sources */ = {isa = PBXBuildFile; fileRef = 165CB1601800101B0081BF55 /* YDViewController.m */; };
		165CB1661800101B0081BF55 /* YDViewController.xib in Resources */ = {isa = PBXBuildFile; fileRef = 165CB1611800101B0081BF55 /* YDViewController.xib */; };
/* End PBXBuildFile section */

/* Begin PBXContainerItemProxy section */
		165CB14918000FFE0081BF55 /* PBXContainerItemProxy */ = {
			isa = PBXContainerItemProxy;
			containerPortal = 165CB11B18000FFE0081BF55 /* Project object */;
			proxyType = 1;
			remoteGlobalIDString = 165CB12218000FFE0081BF55;
			remoteInfo = SimpleHTTPCall;
		};
/* End PBXContainerItemProxy section */

/* Begin PBXFileReference section */
		165CB12318000FFE0081BF55 /* SimpleHTTPCall.app */ = {isa = PBXFileReference; explicitFileType = wrapper.application; includeInIndex = 0; path = SimpleHTTPCall.app; sourceTree = BUILT_PRODUCTS_DIR; };
		165CB12618000FFE0081BF55 /* Foundation.framework */ = {isa = PBXFileReference; lastKnownFileType = wrapper.framework; name = Foundation.framework; path = System/Library/Frameworks/Foundation.framework; sourceTree = SDKROOT; };
		165CB12818000FFE0081BF55 /* CoreGraphics.framework */ = {isa = PBXFileReference; lastKnownFileType = wrapper.framework; name = CoreGraphics.framework; path = System/Library/Frameworks/CoreGraphics.framework; sourceTree = SDKROOT; };
		165CB12A18000FFE0081BF55 /* UIKit.framework */ = {isa = PBXFileReference; lastKnownFileType = wrapper.framework; name = UIKit.framework; path = System/Library/Frameworks/UIKit.framework; sourceTree = SDKROOT; };
		165CB12E18000FFE0081BF55 /* SimpleHTTPCall-Info.plist */ = {isa = PBXFileReference; lastKnownFileType = text.plist.xml; path = "SimpleHTTPCall-Info.plist"; sourceTree = "<group>"; };
		165CB13018000FFE0081BF55 /* en */ = {isa = PBXFileReference; lastKnownFileType = text.plist.strings; name = en; path = en.lproj/InfoPlist.strings; sourceTree = "<group>"; };
		165CB13218000FFE0081BF55 /* main.m */ = {isa = PBXFileReference; lastKnownFileType = sourcecode.c.objc; path = main.m; sourceTree = "<group>"; };
		165CB13418000FFE0081BF55 /* SimpleHTTPCall-Prefix.pch */ = {isa = PBXFileReference; lastKnownFileType = sourcecode.c.h; path = "SimpleHTTPCall-Prefix.pch"; sourceTree = "<group>"; };
		165CB13918000FFE0081BF55 /* Base */ = {isa = PBXFileReference; lastKnownFileType = file.storyboard; name = Base; path = Base.lproj/Main.storyboard; sourceTree = "<group>"; };
		165CB13E18000FFE0081BF55 /* Images.xcassets */ = {isa = PBXFileReference; lastKnownFileType = folder.assetcatalog; path = Images.xcassets; sourceTree = "<group>"; };
		165CB14418000FFE0081BF55 /* SimpleHTTPCallTests.xctest */ = {isa = PBXFileReference; explicitFileType = wrapper.cfbundle; includeInIndex = 0; path = SimpleHTTPCallTests.xctest; sourceTree = BUILT_PRODUCTS_DIR; };
		165CB14518000FFE0081BF55 /* XCTest.framework */ = {isa = PBXFileReference; lastKnownFileType = wrapper.framework; name = XCTest.framework; path = Library/Frameworks/XCTest.framework; sourceTree = DEVELOPER_DIR; };
		165CB14D18000FFE0081BF55 /* SimpleHTTPCallTests-Info.plist */ = {isa = PBXFileReference; lastKnownFileType = text.plist.xml; path = "SimpleHTTPCallTests-Info.plist"; sourceTree = "<group>"; };
		165CB14F18000FFE0081BF55 /* en */ = {isa = PBXFileReference; lastKnownFileType = text.plist.strings; name = en; path = en.lproj/InfoPlist.strings; sourceTree = "<group>"; };
		165CB15118000FFE0081BF55 /* SimpleHTTPCallTests.m */ = {isa = PBXFileReference; lastKnownFileType = sourcecode.c.objc; path = SimpleHTTPCallTests.m; sourceTree = "<group>"; };
		165CB15B1800101B0081BF55 /* Icon.png */ = {isa = PBXFileReference; lastKnownFileType = image.png; path = Icon.png; sourceTree = "<group>"; };
		165CB15C1800101B0081BF55 /* Icon@2x.png */ = {isa = PBXFileReference; lastKnownFileType = image.png; path = "Icon@2x.png"; sourceTree = "<group>"; };
		165CB15D1800101B0081BF55 /* YDAppDelegate.h */ = {isa = PBXFileReference; fileEncoding = 4; lastKnownFileType = sourcecode.c.h; path = YDAppDelegate.h; sourceTree = "<group>"; };
		165CB15E1800101B0081BF55 /* YDAppDelegate.m */ = {isa = PBXFileReference; fileEncoding = 4; lastKnownFileType = sourcecode.c.objc; path = YDAppDelegate.m; sourceTree = "<group>"; };
		165CB15F1800101B0081BF55 /* YDViewController.h */ = {isa = PBXFileReference; fileEncoding = 4; lastKnownFileType = sourcecode.c.h; path = YDViewController.h; sourceTree = "<group>"; };
		165CB1601800101B0081BF55 /* YDViewController.m */ = {isa = PBXFileReference; fileEncoding = 4; lastKnownFileType = sourcecode.c.objc; path = YDViewController.m; sourceTree = "<group>"; };
		165CB1611800101B0081BF55 /* YDViewController.xib */ = {isa = PBXFileReference; fileEncoding = 4; lastKnownFileType = file.xib; path = YDViewController.xib; sourceTree = "<group>"; };
/* End PBXFileReference section */

/* Begin PBXFrameworksBuildPhase section */
		165CB12018000FFE0081BF55 /* Frameworks */ = {
			isa = PBXFrameworksBuildPhase;
			buildActionMask = 2147483647;
			files = (
				165CB12918000FFE0081BF55 /* CoreGraphics.framework in Frameworks */,
				165CB12B18000FFE0081BF55 /* UIKit.framework in Frameworks */,
				165CB12718000FFE0081BF55 /* Foundation.framework in Frameworks */,
			);
			runOnlyForDeploymentPostprocessing = 0;
		};
		165CB14118000FFE0081BF55 /* Frameworks */ = {
			isa = PBXFrameworksBuildPhase;
			buildActionMask = 2147483647;
			files = (
				165CB14618000FFE0081BF55 /* XCTest.framework in Frameworks */,
				165CB14818000FFE0081BF55 /* UIKit.framework in Frameworks */,
				165CB14718000FFE0081BF55 /* Foundation.framework in Frameworks */,
			);
			runOnlyForDeploymentPostprocessing = 0;
		};
/* End PBXFrameworksBuildPhase section */

/* Begin PBXGroup section */
		165CB11A18000FFE0081BF55 = {
			isa = PBXGroup;
			children = (
				165CB12C18000FFE0081BF55 /* SimpleHTTPCall */,
				165CB14B18000FFE0081BF55 /* SimpleHTTPCallTests */,
				165CB12518000FFE0081BF55 /* Frameworks */,
				165CB12418000FFE0081BF55 /* Products */,
			);
			sourceTree = "<group>";
		};
		165CB12418000FFE0081BF55 /* Products */ = {
			isa = PBXGroup;
			children = (
				165CB12318000FFE0081BF55 /* SimpleHTTPCall.app */,
				165CB14418000FFE0081BF55 /* SimpleHTTPCallTests.xctest */,
			);
			name = Products;
			sourceTree = "<group>";
		};
		165CB12518000FFE0081BF55 /* Frameworks */ = {
			isa = PBXGroup;
			children = (
				165CB12618000FFE0081BF55 /* Foundation.framework */,
				165CB12818000FFE0081BF55 /* CoreGraphics.framework */,
				165CB12A18000FFE0081BF55 /* UIKit.framework */,
				165CB14518000FFE0081BF55 /* XCTest.framework */,
			);
			name = Frameworks;
			sourceTree = "<group>";
		};
		165CB12C18000FFE0081BF55 /* SimpleHTTPCall */ = {
			isa = PBXGroup;
			children = (
				165CB15B1800101B0081BF55 /* Icon.png */,
				165CB15C1800101B0081BF55 /* Icon@2x.png */,
				165CB15D1800101B0081BF55 /* YDAppDelegate.h */,
				165CB15E1800101B0081BF55 /* YDAppDelegate.m */,
				165CB15F1800101B0081BF55 /* YDViewController.h */,
				165CB1601800101B0081BF55 /* YDViewController.m */,
				165CB1611800101B0081BF55 /* YDViewController.xib */,
				165CB13818000FFE0081BF55 /* Main.storyboard */,
				165CB13E18000FFE0081BF55 /* Images.xcassets */,
				165CB12D18000FFE0081BF55 /* Supporting Files */,
			);
			path = SimpleHTTPCall;
			sourceTree = "<group>";
		};
		165CB12D18000FFE0081BF55 /* Supporting Files */ = {
			isa = PBXGroup;
			children = (
				165CB12E18000FFE0081BF55 /* SimpleHTTPCall-Info.plist */,
				165CB12F18000FFE0081BF55 /* InfoPlist.strings */,
				165CB13218000FFE0081BF55 /* main.m */,
				165CB13418000FFE0081BF55 /* SimpleHTTPCall-Prefix.pch */,
			);
			name = "Supporting Files";
			sourceTree = "<group>";
		};
		165CB14B18000FFE0081BF55 /* SimpleHTTPCallTests */ = {
			isa = PBXGroup;
			children = (
				165CB15118000FFE0081BF55 /* SimpleHTTPCallTests.m */,
				165CB14C18000FFE0081BF55 /* Supporting Files */,
			);
			path = SimpleHTTPCallTests;
			sourceTree = "<group>";
		};
		165CB14C18000FFE0081BF55 /* Supporting Files */ = {
			isa = PBXGroup;
			children = (
				165CB14D18000FFE0081BF55 /* SimpleHTTPCallTests-Info.plist */,
				165CB14E18000FFE0081BF55 /* InfoPlist.strings */,
			);
			name = "Supporting Files";
			sourceTree = "<group>";
		};
/* End PBXGroup section */

/* Begin PBXNativeTarget section */
		165CB12218000FFE0081BF55 /* SimpleHTTPCall */ = {
			isa = PBXNativeTarget;
			buildConfigurationList = 165CB15518000FFE0081BF55 /* Build configuration list for PBXNativeTarget "SimpleHTTPCall" */;
			buildPhases = (
				165CB11F18000FFE0081BF55 /* Sources */,
				165CB12018000FFE0081BF55 /* Frameworks */,
				165CB12118000FFE0081BF55 /* Resources */,
			);
			buildRules = (
			);
			dependencies = (
			);
			name = SimpleHTTPCall;
			productName = SimpleHTTPCall;
			productReference = 165CB12318000FFE0081BF55 /* SimpleHTTPCall.app */;
			productType = "com.apple.product-type.application";
		};
		165CB14318000FFE0081BF55 /* SimpleHTTPCallTests */ = {
			isa = PBXNativeTarget;
			buildConfigurationList = 165CB15818000FFE0081BF55 /* Build configuration list for PBXNativeTarget "SimpleHTTPCallTests" */;
			buildPhases = (
				165CB14018000FFE0081BF55 /* Sources */,
				165CB14118000FFE0081BF55 /* Frameworks */,
				165CB14218000FFE0081BF55 /* Resources */,
			);
			buildRules = (
			);
			dependencies = (
				165CB14A18000FFE0081BF55 /* PBXTargetDependency */,
			);
			name = SimpleHTTPCallTests;
			productName = SimpleHTTPCallTests;
			productReference = 165CB14418000FFE0081BF55 /* SimpleHTTPCallTests.xctest */;
			productType = "com.apple.product-type.bundle.unit-test";
		};
/* End PBXNativeTarget section */

/* Begin PBXProject section */
		165CB11B18000FFE0081BF55 /* Project object */ = {
			isa = PBXProject;
			attributes = {
				CLASSPREFIX = YD;
				LastUpgradeCheck = 0640;
				ORGANIZATIONNAME = YourDeveloper;
				TargetAttributes = {
					165CB14318000FFE0081BF55 = {
						TestTargetID = 165CB12218000FFE0081BF55;
					};
				};
			};
			buildConfigurationList = 165CB11E18000FFE0081BF55 /* Build configuration list for PBXProject "SimpleHTTPCall" */;
			compatibilityVersion = "Xcode 3.2";
			developmentRegion = English;
			hasScannedForEncodings = 0;
			knownRegions = (
				en,
				Base,
			);
			mainGroup = 165CB11A18000FFE0081BF55;
			productRefGroup = 165CB12418000FFE0081BF55 /* Products */;
			projectDirPath = "";
			projectRoot = "";
			targets = (
				165CB12218000FFE0081BF55 /* SimpleHTTPCall */,
				165CB14318000FFE0081BF55 /* SimpleHTTPCallTests */,
			);
		};
/* End PBXProject section */

/* Begin PBXResourcesBuildPhase section */
		165CB12118000FFE0081BF55 /* Resources */ = {
			isa = PBXResourcesBuildPhase;
			buildActionMask = 2147483647;
			files = (
				165CB1621800101B0081BF55 /* Icon.png in Resources */,
				165CB13F18000FFE0081BF55 /* Images.xcassets in Resources */,
				165CB13118000FFE0081BF55 /* InfoPlist.strings in Resources */,
				165CB13A18000FFE0081BF55 /* Main.storyboard in Resources */,
				165CB1631800101B0081BF55 /* Icon@2x.png in Resources */,
				165CB1661800101B0081BF55 /* YDViewController.xib in Resources */,
			);
			runOnlyForDeploymentPostprocessing = 0;
		};
		165CB14218000FFE0081BF55 /* Resources */ = {
			isa = PBXResourcesBuildPhase;
			buildActionMask = 2147483647;
			files = (
				165CB15018000FFE0081BF55 /* InfoPlist.strings in Resources */,
			);
			runOnlyForDeploymentPostprocessing = 0;
		};
/* End PBXResourcesBuildPhase section */

/* Begin PBXSourcesBuildPhase section */
		165CB11F18000FFE0081BF55 /* Sources */ = {
			isa = PBXSourcesBuildPhase;
			buildActionMask = 2147483647;
			files = (
				165CB13318000FFE0081BF55 /* main.m in Sources */,
				165CB1651800101B0081BF55 /* YDViewController.m in Sources */,
				165CB1641800101B0081BF55 /* YDAppDelegate.m in Sources */,
			);
			runOnlyForDeploymentPostprocessing = 0;
		};
		165CB14018000FFE0081BF55 /* Sources */ = {
			isa = PBXSourcesBuildPhase;
			buildActionMask = 2147483647;
			files = (
				165CB15218000FFE0081BF55 /* SimpleHTTPCallTests.m in Sources */,
			);
			runOnlyForDeploymentPostprocessing = 0;
		};
/* End PBXSourcesBuildPhase section */

/* Begin PBXTargetDependency section */
		165CB14A18000FFE0081BF55 /* PBXTargetDependency */ = {
			isa = PBXTargetDependency;
			target = 165CB12218000FFE0081BF55 /* SimpleHTTPCall */;
			targetProxy = 165CB14918000FFE0081BF55 /* PBXContainerItemProxy */;
		};
/* End PBXTargetDependency section */

/* Begin PBXVariantGroup section */
		165CB12F18000FFE0081BF55 /* InfoPlist.strings */ = {
			isa = PBXVariantGroup;
			children = (
				165CB13018000FFE0081BF55 /* en */,
			);
			name = InfoPlist.strings;
			sourceTree = "<group>";
		};
		165CB13818000FFE0081BF55 /* Main.storyboard */ = {
			isa = PBXVariantGroup;
			children = (
				165CB13918000FFE0081BF55 /* Base */,
			);
			name = Main.storyboard;
			sourceTree = "<group>";
		};
		165CB14E18000FFE0081BF55 /* InfoPlist.strings */ = {
			isa = PBXVariantGroup;
			children = (
				165CB14F18000FFE0081BF55 /* en */,
			);
			name = InfoPlist.strings;
			sourceTree = "<group>";
		};
/* End PBXVariantGroup section */

/* Begin XCBuildConfiguration section */
		165CB15318000FFE0081BF55 /* Debug */ = {
			isa = XCBuildConfiguration;
			buildSettings = {
				ALWAYS_SEARCH_USER_PATHS = NO;
				CLANG_CXX_LANGUAGE_STANDARD = "gnu++0x";
				CLANG_CXX_LIBRARY = "libc++";
				CLANG_ENABLE_MODULES = YES;
				CLANG_ENABLE_OBJC_ARC = YES;
				CLANG_WARN_BOOL_CONVERSION = YES;
				CLANG_WARN_CONSTANT_CONVERSION = YES;
				CLANG_WARN_DIRECT_OBJC_ISA_USAGE = YES_ERROR;
				CLANG_WARN_EMPTY_BODY = YES;
				CLANG_WARN_ENUM_CONVERSION = YES;
				CLANG_WARN_INT_CONVERSION = YES;
				CLANG_WARN_OBJC_ROOT_CLASS = YES_ERROR;
				CLANG_WARN__DUPLICATE_METHOD_MATCH = YES;
				"CODE_SIGN_IDENTITY[sdk=iphoneos*]" = "iPhone Developer";
				COPY_PHASE_STRIP = NO;
				GCC_C_LANGUAGE_STANDARD = gnu99;
				GCC_DYNAMIC_NO_PIC = NO;
				GCC_OPTIMIZATION_LEVEL = 0;
				GCC_PREPROCESSOR_DEFINITIONS = (
					"DEBUG=1",
					"$(inherited)",
				);
				GCC_SYMBOLS_PRIVATE_EXTERN = NO;
				GCC_WARN_64_TO_32_BIT_CONVERSION = YES;
				GCC_WARN_ABOUT_RETURN_TYPE = YES_ERROR;
				GCC_WARN_UNDECLARED_SELECTOR = YES;
				GCC_WARN_UNINITIALIZED_AUTOS = YES;
				GCC_WARN_UNUSED_FUNCTION = YES;
				GCC_WARN_UNUSED_VARIABLE = YES;
				IPHONEOS_DEPLOYMENT_TARGET = 7.0;
				ONLY_ACTIVE_ARCH = YES;
				SDKROOT = iphoneos;
			};
			name = Debug;
		};
		165CB15418000FFE0081BF55 /* Release */ = {
			isa = XCBuildConfiguration;
			buildSettings = {
				ALWAYS_SEARCH_USER_PATHS = NO;
				CLANG_CXX_LANGUAGE_STANDARD = "gnu++0x";
				CLANG_CXX_LIBRARY = "libc++";
				CLANG_ENABLE_MODULES = YES;
				CLANG_ENABLE_OBJC_ARC = YES;
				CLANG_WARN_BOOL_CONVERSION = YES;
				CLANG_WARN_CONSTANT_CONVERSION = YES;
				CLANG_WARN_DIRECT_OBJC_ISA_USAGE = YES_ERROR;
				CLANG_WARN_EMPTY_BODY = YES;
				CLANG_WARN_ENUM_CONVERSION = YES;
				CLANG_WARN_INT_CONVERSION = YES;
				CLANG_WARN_OBJC_ROOT_CLASS = YES_ERROR;
				CLANG_WARN__DUPLICATE_METHOD_MATCH = YES;
				"CODE_SIGN_IDENTITY[sdk=iphoneos*]" = "iPhone Developer";
				COPY_PHASE_STRIP = YES;
				ENABLE_NS_ASSERTIONS = NO;
				GCC_C_LANGUAGE_STANDARD = gnu99;
				GCC_WARN_64_TO_32_BIT_CONVERSION = YES;
				GCC_WARN_ABOUT_RETURN_TYPE = YES_ERROR;
				GCC_WARN_UNDECLARED_SELECTOR = YES;
				GCC_WARN_UNINITIALIZED_AUTOS = YES;
				GCC_WARN_UNUSED_FUNCTION = YES;
				GCC_WARN_UNUSED_VARIABLE = YES;
				IPHONEOS_DEPLOYMENT_TARGET = 7.0;
				SDKROOT = iphoneos;
				VALIDATE_PRODUCT = YES;
			};
			name = Release;
		};
		165CB15618000FFE0081BF55 /* Debug */ = {
			isa = XCBuildConfiguration;
			buildSettings = {
				ASSETCATALOG_COMPILER_APPICON_NAME = AppIcon;
				ASSETCATALOG_COMPILER_LAUNCHIMAGE_NAME = LaunchImage;
				GCC_PRECOMPILE_PREFIX_HEADER = YES;
				GCC_PREFIX_HEADER = "SimpleHTTPCall/SimpleHTTPCall-Prefix.pch";
				INFOPLIST_FILE = "SimpleHTTPCall/SimpleHTTPCall-Info.plist";
				PRODUCT_NAME = "$(TARGET_NAME)";
				WRAPPER_EXTENSION = app;
			};
			name = Debug;
		};
		165CB15718000FFE0081BF55 /* Release */ = {
			isa = XCBuildConfiguration;
			buildSettings = {
				ASSETCATALOG_COMPILER_APPICON_NAME = AppIcon;
				ASSETCATALOG_COMPILER_LAUNCHIMAGE_NAME = LaunchImage;
				GCC_PRECOMPILE_PREFIX_HEADER = YES;
				GCC_PREFIX_HEADER = "SimpleHTTPCall/SimpleHTTPCall-Prefix.pch";
				INFOPLIST_FILE = "SimpleHTTPCall/SimpleHTTPCall-Info.plist";
				PRODUCT_NAME = "$(TARGET_NAME)";
				WRAPPER_EXTENSION = app;
			};
			name = Release;
		};
		165CB15918000FFE0081BF55 /* Debug */ = {
			isa = XCBuildConfiguration;
			buildSettings = {
				BUNDLE_LOADER = "$(BUILT_PRODUCTS_DIR)/SimpleHTTPCall.app/SimpleHTTPCall";
				FRAMEWORK_SEARCH_PATHS = (
					"$(SDKROOT)/Developer/Library/Frameworks",
					"$(inherited)",
					"$(DEVELOPER_FRAMEWORKS_DIR)",
				);
				GCC_PRECOMPILE_PREFIX_HEADER = YES;
				GCC_PREFIX_HEADER = "SimpleHTTPCall/SimpleHTTPCall-Prefix.pch";
				GCC_PREPROCESSOR_DEFINITIONS = (
					"DEBUG=1",
					"$(inherited)",
				);
				INFOPLIST_FILE = "SimpleHTTPCallTests/SimpleHTTPCallTests-Info.plist";
				PRODUCT_NAME = "$(TARGET_NAME)";
				TEST_HOST = "$(BUNDLE_LOADER)";
				WRAPPER_EXTENSION = xctest;
			};
			name = Debug;
		};
		165CB15A18000FFE0081BF55 /* Release */ = {
			isa = XCBuildConfiguration;
			buildSettings = {
				BUNDLE_LOADER = "$(BUILT_PRODUCTS_DIR)/SimpleHTTPCall.app/SimpleHTTPCall";
				FRAMEWORK_SEARCH_PATHS = (
					"$(SDKROOT)/Developer/Library/Frameworks",
					"$(inherited)",
					"$(DEVELOPER_FRAMEWORKS_DIR)",
				);
				GCC_PRECOMPILE_PREFIX_HEADER = YES;
				GCC_PREFIX_HEADER = "SimpleHTTPCall/SimpleHTTPCall-Prefix.pch";
				INFOPLIST_FILE = "SimpleHTTPCallTests/SimpleHTTPCallTests-Info.plist";
				PRODUCT_NAME = "$(TARGET_NAME)";
				TEST_HOST = "$(BUNDLE_LOADER)";
				WRAPPER_EXTENSION = xctest;
			};
			name = Release;
		};
/* End XCBuildConfiguration section */

/* Begin XCConfigurationList section */
		165CB11E18000FFE0081BF55 /* Build configuration list for PBXProject "SimpleHTTPCall" */ = {
			isa = XCConfigurationList;
			buildConfigurations = (
				165CB15318000FFE0081BF55 /* Debug */,
				165CB15418000FFE0081BF55 /* Release */,
			);
			defaultConfigurationIsVisible = 0;
			defaultConfigurationName = Release;
		};
		165CB15518000FFE0081BF55 /* Build configuration list for PBXNativeTarget "SimpleHTTPCall" */ = {
			isa = XCConfigurationList;
			buildConfigurations = (
				165CB15618000FFE0081BF55 /* Debug */,
				165CB15718000FFE0081BF55 /* Release */,
			);
			defaultConfigurationIsVisible = 0;
			defaultConfigurationName = Release;
		};
		165CB15818000FFE0081BF55 /* Build configuration list for PBXNativeTarget "SimpleHTTPCallTests" */ = {
			isa = XCConfigurationList;
			buildConfigurations = (
				165CB15918000FFE0081BF55 /* Debug */,
				165CB15A18000FFE0081BF55 /* Release */,
			);
			defaultConfigurationIsVisible = 0;
			defaultConfigurationName = Release;
		};
/* End XCConfigurationList section */
	};
	rootObject = 165CB11B18000FFE0081BF55 /* Project object */;
}
